version: 2.0
shards:
  ameba:
    git: https://github.com/crystal-ameba/ameba.git
    version: 0.12.0

  db:
    git: https://github.com/crystal-lang/crystal-db.git
    version: 0.9.0

  pg:
    git: https://github.com/will/crystal-pg.git
    version: 0.21.1

  sqlite3:
    git: https://github.com/crystal-lang/crystal-sqlite3.git
    version: 0.16.0

